
Microsoft Visual Studio Solution File, Format Version 12.00
# Visual Studio Version 16
VisualStudioVersion = 16.0.30907.101
MinimumVisualStudioVersion = 10.0.40219.1
Project("{FAE04EC0-301F-11D3-BF4B-00C04F79EFBC}") = "XpoSample", "XpoSample.csproj", "{ED1D2B8B-B784-44DE-B717-BEA44220BA8A}"
EndProject
Global
	GlobalSection(SolutionConfigurationPlatforms) = preSolution
		Debug|Any CPU = Debug|Any CPU
		Release|Any CPU = Release|Any CPU
	EndGlobalSection
	GlobalSection(ProjectConfigurationPlatforms) = postSolution
		{ED1D2B8B-B784-44DE-B717-BEA44220BA8A}.Debug|Any CPU.ActiveCfg = Debug|Any CPU
		{ED1D2B8B-B784-44DE-B717-BEA44220BA8A}.Debug|Any CPU.Build.0 = Debug|Any CPU
		{ED1D2B8B-B784-44DE-B717-BEA44220BA8A}.Release|Any CPU.ActiveCfg = Release|Any CPU
		{ED1D2B8B-B784-44DE-B717-BEA44220BA8A}.Release|Any CPU.Build.0 = Release|Any CPU
	EndGlobalSection
	GlobalSection(SolutionProperties) = preSolution
		HideSolutionNode = FALSE
	EndGlobalSection
	GlobalSection(ExtensibilityGlobals) = postSolution
		SolutionGuid = {36BEB848-8210-45C7-A51E-07513BCB909F}
	EndGlobalSection
EndGlobal
